Microsoft Visual Studio Solution File, Format Version 11.00
# Visual Studio 2010
Project("{8BC9CEB8-8B4A-11D0-8D11-00A0C91BC942}") = "yAfc", "src\yAfc.vcxproj", "{C6951FC6-4756-4B85-AD9F-AF28A1027B89}"
EndProject
Project("{8BC9CEB8-8B4A-11D0-8D11-00A0C91BC942}") = "yLib", "src\yLib.vcxproj", "{EBCF06CE-2FE9-49F6-AA98-32B8D370CC56}"
EndProject
Global
	GlobalSection(SolutionConfigurationPlatforms) = preSolution
		Dynamic Debug CRT Unicode|Win32 = Dynamic Debug CRT Unicode|Win32
		Dynamic Debug CRT|Win32 = Dynamic Debug CRT|Win32
		Dynamic Release CRT Unicode|Win32 = Dynamic Release CRT Unicode|Win32
		Dynamic Release CRT|Win32 = Dynamic Release CRT|Win32
		Static Debug CRT Unicode|Win32 = Static Debug CRT Unicode|Win32
		Static Debug CRT|Win32 = Static Debug CRT|Win32
		Static Release CRT Unicode|Win32 = Static Release CRT Unicode|Win32
		Static Release CRT|Win32 = Static Release CRT|Win32
	EndGlobalSection
	GlobalSection(ProjectConfigurationPlatforms) = postSolution
		{C6951FC6-4756-4B85-AD9F-AF28A1027B89}.Dynamic Debug CRT Unicode|Win32.ActiveCfg = Dynamic Debug CRT Unicode|Win32
		{C6951FC6-4756-4B85-AD9F-AF28A1027B89}.Dynamic Debug CRT|Win32.ActiveCfg = Dynamic Debug CRT|Win32
		{C6951FC6-4756-4B85-AD9F-AF28A1027B89}.Dynamic Release CRT Unicode|Win32.ActiveCfg = Dynamic Release CRT Unicode|Win32
		{C6951FC6-4756-4B85-AD9F-AF28A1027B89}.Dynamic Release CRT|Win32.ActiveCfg = Dynamic Release CRT|Win32
		{C6951FC6-4756-4B85-AD9F-AF28A1027B89}.Static Debug CRT Unicode|Win32.ActiveCfg = Static Debug CRT Unicode|Win32
		{C6951FC6-4756-4B85-AD9F-AF28A1027B89}.Static Debug CRT|Win32.ActiveCfg = Static Debug CRT|Win32
		{C6951FC6-4756-4B85-AD9F-AF28A1027B89}.Static Debug CRT|Win32.Build.0 = Static Debug CRT|Win32
		{C6951FC6-4756-4B85-AD9F-AF28A1027B89}.Static Release CRT Unicode|Win32.ActiveCfg = Static Release CRT Unicode|Win32
		{C6951FC6-4756-4B85-AD9F-AF28A1027B89}.Static Release CRT|Win32.ActiveCfg = Static Release CRT|Win32
		{C6951FC6-4756-4B85-AD9F-AF28A1027B89}.Static Release CRT|Win32.Build.0 = Static Release CRT|Win32
		{EBCF06CE-2FE9-49F6-AA98-32B8D370CC56}.Dynamic Debug CRT Unicode|Win32.ActiveCfg = Dynamic Debug CRT Unicode|Win32
		{EBCF06CE-2FE9-49F6-AA98-32B8D370CC56}.Dynamic Debug CRT|Win32.ActiveCfg = Dynamic Debug CRT|Win32
		{EBCF06CE-2FE9-49F6-AA98-32B8D370CC56}.Dynamic Release CRT Unicode|Win32.ActiveCfg = Dynamic Release CRT Unicode|Win32
		{EBCF06CE-2FE9-49F6-AA98-32B8D370CC56}.Dynamic Release CRT|Win32.ActiveCfg = Dynamic Release CRT|Win32
		{EBCF06CE-2FE9-49F6-AA98-32B8D370CC56}.Static Debug CRT Unicode|Win32.ActiveCfg = Static Debug CRT Unicode|Win32
		{EBCF06CE-2FE9-49F6-AA98-32B8D370CC56}.Static Debug CRT|Win32.ActiveCfg = Static Debug CRT|Win32
		{EBCF06CE-2FE9-49F6-AA98-32B8D370CC56}.Static Debug CRT|Win32.Build.0 = Static Debug CRT|Win32
		{EBCF06CE-2FE9-49F6-AA98-32B8D370CC56}.Static Release CRT Unicode|Win32.ActiveCfg = Static Release CRT Unicode|Win32
		{EBCF06CE-2FE9-49F6-AA98-32B8D370CC56}.Static Release CRT|Win32.ActiveCfg = Static Release CRT|Win32
		{EBCF06CE-2FE9-49F6-AA98-32B8D370CC56}.Static Release CRT|Win32.Build.0 = Static Release CRT|Win32
	EndGlobalSection
	GlobalSection(SolutionProperties) = preSolution
		HideSolutionNode = FALSE
	EndGlobalSection
EndGlobal
