<?xml version="1.0" encoding="utf-8"?>
<Project ToolsVersion="4.0" xmlns="http://schemas.microsoft.com/developer/msbuild/2003">
  <ItemGroup>
    <Filter Include="Source Files">
      <UniqueIdentifier>{3941bf00-75b3-447b-9549-d0a97607e1d1}</UniqueIdentifier>
      <Extensions>cpp;c;cxx;rc;def;r;odl;hpj;bat;for;f90</Extensions>
    </Filter>
    <Filter Include="Source Files\Collections">
      <UniqueIdentifier>{38f346b2-e973-4f57-86fd-b0fef3722104}</UniqueIdentifier>
    </Filter>
    <Filter Include="Header Files">
      <UniqueIdentifier>{0d58f689-e0d1-4313-b9c8-e6163ea014a0}</UniqueIdentifier>
      <Extensions>h;hpp;hxx;hm;fi;fd</Extensions>
    </Filter>
    <Filter Include="Header Files\Internal">
      <UniqueIdentifier>{f547e8a2-b166-44af-b6ac-c101acccd0d2}</UniqueIdentifier>
    </Filter>
    <Filter Include="Inline Files">
      <UniqueIdentifier>{5e5a1fbd-8462-49a9-8bfc-48752756a128}</UniqueIdentifier>
      <Extensions>inl</Extensions>
    </Filter>
  </ItemGroup>
  <ItemGroup>
    <ClCompile Include="_ntStubs.cpp">
      <Filter>Source Files</Filter>
    </ClCompile>
    <ClCompile Include="_yState.cpp">
      <Filter>Source Files</Filter>
    </ClCompile>
    <ClCompile Include="yArgParser.cpp">
      <Filter>Source Files</Filter>
    </ClCompile>
    <ClCompile Include="yBuffer.cpp">
      <Filter>Source Files</Filter>
    </ClCompile>
    <ClCompile Include="yConsole.cpp">
      <Filter>Source Files</Filter>
    </ClCompile>
    <ClCompile Include="yCrc32.cpp">
      <Filter>Source Files</Filter>
    </ClCompile>
    <ClCompile Include="yEventSource.cpp">
      <Filter>Source Files</Filter>
    </ClCompile>
    <ClCompile Include="yFileObjects.cpp">
      <Filter>Source Files</Filter>
    </ClCompile>
    <ClCompile Include="yFiles.cpp">
      <Filter>Source Files</Filter>
    </ClCompile>
    <ClCompile Include="yFileTools.cpp">
      <Filter>Source Files</Filter>
    </ClCompile>
    <ClCompile Include="yFixStr.cpp">
      <Filter>Source Files</Filter>
    </ClCompile>
    <ClCompile Include="yFlags.cpp">
      <Filter>Source Files</Filter>
    </ClCompile>
    <ClCompile Include="yHandle.cpp">
      <Filter>Source Files</Filter>
    </ClCompile>
    <ClCompile Include="yLib.cpp">
      <Filter>Source Files</Filter>
    </ClCompile>
    <ClCompile Include="yLogging.cpp">
      <Filter>Source Files</Filter>
    </ClCompile>
    <ClCompile Include="yMailSlots.cpp">
      <Filter>Source Files</Filter>
    </ClCompile>
    <ClCompile Include="yMailSlotServer.cpp">
      <Filter>Source Files</Filter>
    </ClCompile>
    <ClCompile Include="yMulStr.cpp">
      <Filter>Source Files</Filter>
    </ClCompile>
    <ClCompile Include="yPipes.cpp">
      <Filter>Source Files</Filter>
    </ClCompile>
    <ClCompile Include="yPipeServer.cpp">
      <Filter>Source Files</Filter>
    </ClCompile>
    <ClCompile Include="yProfile.cpp">
      <Filter>Source Files</Filter>
    </ClCompile>
    <ClCompile Include="yRegistry.cpp">
      <Filter>Source Files</Filter>
    </ClCompile>
    <ClCompile Include="ySCM.cpp">
      <Filter>Source Files</Filter>
    </ClCompile>
    <ClCompile Include="ySecDesc.cpp">
      <Filter>Source Files</Filter>
    </ClCompile>
    <ClCompile Include="ySync.cpp">
      <Filter>Source Files</Filter>
    </ClCompile>
    <ClCompile Include="yThread.cpp">
      <Filter>Source Files</Filter>
    </ClCompile>
    <ClCompile Include="yTokens.cpp">
      <Filter>Source Files</Filter>
    </ClCompile>
    <ClCompile Include="yUNC.cpp">
      <Filter>Source Files</Filter>
    </ClCompile>
    <ClCompile Include="yVersInfo.cpp">
      <Filter>Source Files</Filter>
    </ClCompile>
    <ClCompile Include="yArray.cpp">
      <Filter>Source Files\Collections</Filter>
    </ClCompile>
    <ClCompile Include="yArrayC.cpp">
      <Filter>Source Files\Collections</Filter>
    </ClCompile>
    <ClCompile Include="yArrayI.cpp">
      <Filter>Source Files\Collections</Filter>
    </ClCompile>
    <ClCompile Include="yArrayP.cpp">
      <Filter>Source Files\Collections</Filter>
    </ClCompile>
    <ClCompile Include="yArrayS.cpp">
      <Filter>Source Files\Collections</Filter>
    </ClCompile>
  </ItemGroup>
  <ItemGroup>
    <ClInclude Include="..\inc\yArgParser.h">
      <Filter>Header Files</Filter>
    </ClInclude>
    <ClInclude Include="..\inc\yArray.h">
      <Filter>Header Files</Filter>
    </ClInclude>
    <ClInclude Include="..\inc\yBuffer.h">
      <Filter>Header Files</Filter>
    </ClInclude>
    <ClInclude Include="..\inc\yConsole.h">
      <Filter>Header Files</Filter>
    </ClInclude>
    <ClInclude Include="..\inc\yCrc32.h">
      <Filter>Header Files</Filter>
    </ClInclude>
    <ClInclude Include="..\inc\yEventSource.h">
      <Filter>Header Files</Filter>
    </ClInclude>
    <ClInclude Include="..\inc\yFileObjects.h">
      <Filter>Header Files</Filter>
    </ClInclude>
    <ClInclude Include="..\inc\yFiles.h">
      <Filter>Header Files</Filter>
    </ClInclude>
    <ClInclude Include="..\inc\yFileTools.h">
      <Filter>Header Files</Filter>
    </ClInclude>
    <ClInclude Include="..\inc\yFixStr.h">
      <Filter>Header Files</Filter>
    </ClInclude>
    <ClInclude Include="..\inc\yFlags.h">
      <Filter>Header Files</Filter>
    </ClInclude>
    <ClInclude Include="..\inc\yHandle.h">
      <Filter>Header Files</Filter>
    </ClInclude>
    <ClInclude Include="..\inc\yLib.h">
      <Filter>Header Files</Filter>
    </ClInclude>
    <ClInclude Include="..\inc\yLibBase.h">
      <Filter>Header Files</Filter>
    </ClInclude>
    <ClInclude Include="..\inc\yLogging.h">
      <Filter>Header Files</Filter>
    </ClInclude>
    <ClInclude Include="..\inc\yMailSlots.h">
      <Filter>Header Files</Filter>
    </ClInclude>
    <ClInclude Include="..\inc\yMailSlotServer.h">
      <Filter>Header Files</Filter>
    </ClInclude>
    <ClInclude Include="..\inc\yMulStr.h">
      <Filter>Header Files</Filter>
    </ClInclude>
    <ClInclude Include="..\inc\yPipes.h">
      <Filter>Header Files</Filter>
    </ClInclude>
    <ClInclude Include="..\inc\yPipeServer.h">
      <Filter>Header Files</Filter>
    </ClInclude>
    <ClInclude Include="..\inc\yProfile.h">
      <Filter>Header Files</Filter>
    </ClInclude>
    <ClInclude Include="..\inc\yRegistry.h">
      <Filter>Header Files</Filter>
    </ClInclude>
    <ClInclude Include="..\inc\ySCM.h">
      <Filter>Header Files</Filter>
    </ClInclude>
    <ClInclude Include="..\inc\ySecDesc.h">
      <Filter>Header Files</Filter>
    </ClInclude>
    <ClInclude Include="..\inc\ySync.h">
      <Filter>Header Files</Filter>
    </ClInclude>
    <ClInclude Include="..\inc\yThread.h">
      <Filter>Header Files</Filter>
    </ClInclude>
    <ClInclude Include="..\inc\yTokens.h">
      <Filter>Header Files</Filter>
    </ClInclude>
    <ClInclude Include="..\inc\yUNC.h">
      <Filter>Header Files</Filter>
    </ClInclude>
    <ClInclude Include="..\inc\yVersInfo.h">
      <Filter>Header Files</Filter>
    </ClInclude>
    <ClInclude Include="docFile.h">
      <Filter>Header Files\Internal</Filter>
    </ClInclude>
    <ClInclude Include="internal.h">
      <Filter>Header Files\Internal</Filter>
    </ClInclude>
    <ClInclude Include="StdInc.hpp">
      <Filter>Header Files\Internal</Filter>
    </ClInclude>
  </ItemGroup>
  <ItemGroup>
    <None Include="..\inc\yArgParser.inl">
      <Filter>Inline Files</Filter>
    </None>
    <None Include="..\inc\yArray.inl">
      <Filter>Inline Files</Filter>
    </None>
    <None Include="..\inc\yBuffer.inl">
      <Filter>Inline Files</Filter>
    </None>
    <None Include="..\inc\yConsole.inl">
      <Filter>Inline Files</Filter>
    </None>
    <None Include="..\inc\yCrc32.inl">
      <Filter>Inline Files</Filter>
    </None>
    <None Include="..\inc\yEventSource.inl">
      <Filter>Inline Files</Filter>
    </None>
    <None Include="..\inc\yFileObjects.inl">
      <Filter>Inline Files</Filter>
    </None>
    <None Include="..\inc\yFiles.inl">
      <Filter>Inline Files</Filter>
    </None>
    <None Include="..\inc\yFileTools.inl">
      <Filter>Inline Files</Filter>
    </None>
    <None Include="..\inc\yFixStr.inl">
      <Filter>Inline Files</Filter>
    </None>
    <None Include="..\inc\yFlags.inl">
      <Filter>Inline Files</Filter>
    </None>
    <None Include="..\inc\yHandle.inl">
      <Filter>Inline Files</Filter>
    </None>
    <None Include="..\inc\yLibBase.inl">
      <Filter>Inline Files</Filter>
    </None>
    <None Include="..\inc\yLogging.inl">
      <Filter>Inline Files</Filter>
    </None>
    <None Include="..\inc\yMailSlots.inl">
      <Filter>Inline Files</Filter>
    </None>
    <None Include="..\inc\yMailSlotServer.inl">
      <Filter>Inline Files</Filter>
    </None>
    <None Include="..\inc\yMulStr.inl">
      <Filter>Inline Files</Filter>
    </None>
    <None Include="..\inc\yPipes.inl">
      <Filter>Inline Files</Filter>
    </None>
    <None Include="..\inc\yPipeServer.inl">
      <Filter>Inline Files</Filter>
    </None>
    <None Include="..\inc\yProfile.inl">
      <Filter>Inline Files</Filter>
    </None>
    <None Include="..\inc\yRegistry.inl">
      <Filter>Inline Files</Filter>
    </None>
    <None Include="..\inc\ySCM.inl">
      <Filter>Inline Files</Filter>
    </None>
    <None Include="..\inc\ySecDesc.inl">
      <Filter>Inline Files</Filter>
    </None>
    <None Include="..\inc\ySync.inl">
      <Filter>Inline Files</Filter>
    </None>
    <None Include="..\inc\yThread.inl">
      <Filter>Inline Files</Filter>
    </None>
    <None Include="..\inc\yTokens.inl">
      <Filter>Inline Files</Filter>
    </None>
    <None Include="..\inc\yUNC.inl">
      <Filter>Inline Files</Filter>
    </None>
    <None Include="..\inc\yVersInfo.inl">
      <Filter>Inline Files</Filter>
    </None>
  </ItemGroup>
</Project>