<?xml version="1.0" encoding="utf-8"?>
<Project ToolsVersion="4.0" xmlns="http://schemas.microsoft.com/developer/msbuild/2003">
  <ItemGroup>
    <Filter Include="Source Files">
      <UniqueIdentifier>{5ba8389b-9187-4c43-88c7-3be1b90a8cdc}</UniqueIdentifier>
      <Extensions>cpp;c;cxx;rc;def;r;odl;idl;hpj;bat</Extensions>
    </Filter>
    <Filter Include="Header Files">
      <UniqueIdentifier>{08cd2e8d-0bb0-445f-84df-3c8512ca5b40}</UniqueIdentifier>
      <Extensions>h;hpp;hxx;hm;inl</Extensions>
    </Filter>
    <Filter Include="Resource Files">
      <UniqueIdentifier>{eec55918-b0b9-48dd-b262-2e77f2e6727c}</UniqueIdentifier>
      <Extensions>ico;cur;bmp;dlg;rc2;rct;bin;rgs;gif;jpg;jpeg;jpe</Extensions>
    </Filter>
  </ItemGroup>
  <ItemGroup>
    <ClCompile Include="Beeper.cpp">
      <Filter>Source Files</Filter>
    </ClCompile>
    <ClCompile Include="Sample2.cpp">
      <Filter>Source Files</Filter>
    </ClCompile>
  </ItemGroup>
  <ItemGroup>
    <ResourceCompile Include="Sample2.rc">
      <Filter>Source Files</Filter>
    </ResourceCompile>
  </ItemGroup>
  <ItemGroup>
    <ClInclude Include="Beeper.h">
      <Filter>Header Files</Filter>
    </ClInclude>
    <ClInclude Include="Sample2.h">
      <Filter>Header Files</Filter>
    </ClInclude>
    <ClInclude Include="SampleRes2.h">
      <Filter>Header Files</Filter>
    </ClInclude>
    <ClInclude Include="StdAfc.h">
      <Filter>Header Files</Filter>
    </ClInclude>
  </ItemGroup>
  <ItemGroup>
    <CustomBuild Include="SampleMsg2.mc">
      <Filter>Source Files</Filter>
    </CustomBuild>
    <CustomBuild Include="MSG00001.bin">
      <Filter>Resource Files</Filter>
    </CustomBuild>
    <CustomBuild Include="MSG00007.bin">
      <Filter>Resource Files</Filter>
    </CustomBuild>
    <CustomBuild Include="MSG00010.bin">
      <Filter>Resource Files</Filter>
    </CustomBuild>
  </ItemGroup>
</Project>